
Microsoft Visual Studio Solution File, Format Version 12.00
# Visual Studio Version 17
VisualStudioVersion = 17.2.32630.192
MinimumVisualStudioVersion = 10.0.40219.1
Project("{FAE04EC0-301F-11D3-BF4B-00C04F79EFBC}") = "TSoft", "TSoft\TSoft.csproj", "{8B9E44C1-3242-4FA8-8D46-E8907FE6E4EC}"
EndProject
Global
	GlobalSection(SolutionConfigurationPlatforms) = preSolution
		Debug|Any CPU = Debug|Any CPU
		Release|Any CPU = Release|Any CPU
	EndGlobalSection
	GlobalSection(ProjectConfigurationPlatforms) = postSolution
		{8B9E44C1-3242-4FA8-8D46-E8907FE6E4EC}.Debug|Any CPU.ActiveCfg = Debug|Any CPU
		{8B9E44C1-3242-4FA8-8D46-E8907FE6E4EC}.Debug|Any CPU.Build.0 = Debug|Any CPU
		{8B9E44C1-3242-4FA8-8D46-E8907FE6E4EC}.Release|Any CPU.ActiveCfg = Release|Any CPU
		{8B9E44C1-3242-4FA8-8D46-E8907FE6E4EC}.Release|Any CPU.Build.0 = Release|Any CPU
	EndGlobalSection
	GlobalSection(SolutionProperties) = preSolution
		HideSolutionNode = FALSE
	EndGlobalSection
	GlobalSection(ExtensibilityGlobals) = postSolution
		SolutionGuid = {B67B6FE8-0FC4-43D1-96D2-B89084D2E836}
	EndGlobalSection
EndGlobal
